{
  "requires": true,
  "lockfileVersion": 1,
  "dependencies": {
    "docco": {
      "version": "0.8.0",
      "resolved": "https://registry.npm.taobao.org/docco/download/docco-0.8.0.tgz",
      "integrity": "sha1-7HFHD+UoCPTbuk+rcTgNzf6fU5Y=",
      "requires": {
        "commander": ">= 0.5.2",
        "fs-extra": ">= 0.6.0",
        "highlight.js": ">= 8.0.x",
        "marked": ">= 0.2.7",
        "underscore": ">= 1.0.0"
      },
      "dependencies": {
        "commander": {
          "version": "7.2.0",
          "resolved": "https://registry.nlark.com/commander/download/commander-7.2.0.tgz?cache=0&sync_timestamp=1622954303803&other_urls=https%3A%2F%2Fregistry.nlark.com%2Fcommander%2Fdownload%2Fcommander-7.2.0.tgz",
          "integrity": "sha1-o2y1fQtQHOEI5NIFWaFQo5HZerc="
        },
        "fs-extra": {
          "version": "10.0.0",
          "resolved": "https://registry.nlark.com/fs-extra/download/fs-extra-10.0.0.tgz",
          "integrity": "sha1-n/YbZV3eU/s0qC34S7IUzoAuF8E=",
          "requires": {
            "graceful-fs": "^4.2.0",
            "jsonfile": "^6.0.1",
            "universalify": "^2.0.0"
          }
        },
        "graceful-fs": {
          "version": "4.2.6",
          "resolved": "https://registry.nlark.com/graceful-fs/download/graceful-fs-4.2.6.tgz",
          "integrity": "sha1-/wQLKwhTsjw9MQJ1I3BvGIXXa+4="
        },
        "highlight.js": {
          "version": "10.7.2",
          "resolved": "https://registry.nlark.com/highlight.js/download/highlight.js-10.7.2.tgz",
          "integrity": "sha1-iTGbhh7cZsSIVO0ebaIeqJ+Ec2A="
        },
        "jsonfile": {
          "version": "6.1.0",
          "resolved": "https://registry.npm.taobao.org/jsonfile/download/jsonfile-6.1.0.tgz?cache=0&sync_timestamp=1604161876665&other_urls=https%3A%2F%2Fregistry.npm.taobao.org%2Fjsonfile%2Fdownload%2Fjsonfile-6.1.0.tgz",
          "integrity": "sha1-vFWyY0eTxnnsZAMJTrE2mKbsCq4=",
          "requires": {
            "graceful-fs": "^4.1.6",
            "universalify": "^2.0.0"
          }
        },
        "marked": {
          "version": "2.1.1",
          "resolved": "https://registry.nlark.com/marked/download/marked-2.1.1.tgz",
          "integrity": "sha1-t8J/Ug/E3g3dBJ2bS+OwTgYxSSM="
        },
        "underscore": {
          "version": "1.13.1",
          "resolved": "https://registry.npm.taobao.org/underscore/download/underscore-1.13.1.tgz?cache=0&sync_timestamp=1618502952302&other_urls=https%3A%2F%2Fregistry.npm.taobao.org%2Funderscore%2Fdownload%2Funderscore-1.13.1.tgz",
          "integrity": "sha1-DBxr0t9UtrafIxQGbWW2zeb8+dE="
        },
        "universalify": {
          "version": "2.0.0",
          "resolved": "https://registry.npm.taobao.org/universalify/download/universalify-2.0.0.tgz?cache=0&sync_timestamp=1603180004159&other_urls=https%3A%2F%2Fregistry.npm.taobao.org%2Funiversalify%2Fdownload%2Funiversalify-2.0.0.tgz",
          "integrity": "sha1-daSYTv7cSwiXXFrrc/Uw0C3yVxc="
        }
      }
    }
  }
}
